// !$*UTF8*$!
{
	archiveVersion = 1;
	classes = {
	};
	objectVersion = 50;
	objects = {

/* Begin PBXBuildFile section */
		170B5DF422C717A100B665C0 /* ViewModelling.swift in Sources */ = {isa = PBXBuildFile; fileRef = 170B5DF322C717A100B665C0 /* ViewModelling.swift */; };
		170B5DF822C71ADD00B665C0 /* DataProvider.swift in Sources */ = {isa = PBXBuildFile; fileRef = 170B5DF722C71ADD00B665C0 /* DataProvider.swift */; };
		170E227D22BE0D870024B45A /* HelperKit.h in Headers */ = {isa = PBXBuildFile; fileRef = 170E227B22BE0D870024B45A /* HelperKit.h */; settings = {ATTRIBUTES = (Public, ); }; };
		174E394022C6CBC400BEB47A /* FlowCoordinator.swift in Sources */ = {isa = PBXBuildFile; fileRef = 174E393F22C6CBC400BEB47A /* FlowCoordinator.swift */; };
		174E394822C6CDE100BEB47A /* CoordinatorFactoryProtocol.swift in Sources */ = {isa = PBXBuildFile; fileRef = 174E394722C6CDE100BEB47A /* CoordinatorFactoryProtocol.swift */; };
		174E394A22C6CE2B00BEB47A /* ViewControllerFactoryProtocol.swift in Sources */ = {isa = PBXBuildFile; fileRef = 174E394922C6CE2B00BEB47A /* ViewControllerFactoryProtocol.swift */; };
		1761E35422EEFF5600D95DB6 /* DateFormatProvider.swift in Sources */ = {isa = PBXBuildFile; fileRef = 1761E35322EEFF5600D95DB6 /* DateFormatProvider.swift */; };
		179387B122C6DD5B0051FD3B /* FlowCoordinatorActionable.swift in Sources */ = {isa = PBXBuildFile; fileRef = 179387B022C6DD5B0051FD3B /* FlowCoordinatorActionable.swift */; };
		179387B322C6DD790051FD3B /* FlowCoordinatorActionSource.swift in Sources */ = {isa = PBXBuildFile; fileRef = 179387B222C6DD790051FD3B /* FlowCoordinatorActionSource.swift */; };
		179387B622C6DD980051FD3B /* RootFlowCoordinator.swift in Sources */ = {isa = PBXBuildFile; fileRef = 179387B522C6DD980051FD3B /* RootFlowCoordinator.swift */; };
		179387B822C6DDA40051FD3B /* ChildFlowCoordinator.swift in Sources */ = {isa = PBXBuildFile; fileRef = 179387B722C6DDA40051FD3B /* ChildFlowCoordinator.swift */; };
		179387BB22C6DEC60051FD3B /* ServiceFactoryProtocol.swift in Sources */ = {isa = PBXBuildFile; fileRef = 179387BA22C6DEC60051FD3B /* ServiceFactoryProtocol.swift */; };
		17A3BAE922C73B8000999232 /* Typealiases.swift in Sources */ = {isa = PBXBuildFile; fileRef = 17A3BAE822C73B8000999232 /* Typealiases.swift */; };
		17DF752222F65E4D009712D7 /* CacheProvider.swift in Sources */ = {isa = PBXBuildFile; fileRef = 17DF752122F65E4D009712D7 /* CacheProvider.swift */; };
/* End PBXBuildFile section */

/* Begin PBXFileReference section */
		170B5DF322C717A100B665C0 /* ViewModelling.swift */ = {isa = PBXFileReference; lastKnownFileType = sourcecode.swift; path = ViewModelling.swift; sourceTree = "<group>"; };
		170B5DF722C71ADD00B665C0 /* DataProvider.swift */ = {isa = PBXFileReference; lastKnownFileType = sourcecode.swift; path = DataProvider.swift; sourceTree = "<group>"; };
		170E227822BE0D870024B45A /* HelperKit.framework */ = {isa = PBXFileReference; explicitFileType = wrapper.framework; includeInIndex = 0; path = HelperKit.framework; sourceTree = BUILT_PRODUCTS_DIR; };
		170E227B22BE0D870024B45A /* HelperKit.h */ = {isa = PBXFileReference; lastKnownFileType = sourcecode.c.h; path = HelperKit.h; sourceTree = "<group>"; };
		170E227C22BE0D870024B45A /* Info.plist */ = {isa = PBXFileReference; lastKnownFileType = text.plist.xml; path = Info.plist; sourceTree = "<group>"; };
		174E393F22C6CBC400BEB47A /* FlowCoordinator.swift */ = {isa = PBXFileReference; fileEncoding = 4; lastKnownFileType = sourcecode.swift; path = FlowCoordinator.swift; sourceTree = "<group>"; };
		174E394722C6CDE100BEB47A /* CoordinatorFactoryProtocol.swift */ = {isa = PBXFileReference; lastKnownFileType = sourcecode.swift; path = CoordinatorFactoryProtocol.swift; sourceTree = "<group>"; };
		174E394922C6CE2B00BEB47A /* ViewControllerFactoryProtocol.swift */ = {isa = PBXFileReference; lastKnownFileType = sourcecode.swift; path = ViewControllerFactoryProtocol.swift; sourceTree = "<group>"; };
		1761E35322EEFF5600D95DB6 /* DateFormatProvider.swift */ = {isa = PBXFileReference; lastKnownFileType = sourcecode.swift; path = DateFormatProvider.swift; sourceTree = "<group>"; };
		179387B022C6DD5B0051FD3B /* FlowCoordinatorActionable.swift */ = {isa = PBXFileReference; lastKnownFileType = sourcecode.swift; path = FlowCoordinatorActionable.swift; sourceTree = "<group>"; };
		179387B222C6DD790051FD3B /* FlowCoordinatorActionSource.swift */ = {isa = PBXFileReference; lastKnownFileType = sourcecode.swift; path = FlowCoordinatorActionSource.swift; sourceTree = "<group>"; };
		179387B522C6DD980051FD3B /* RootFlowCoordinator.swift */ = {isa = PBXFileReference; lastKnownFileType = sourcecode.swift; path = RootFlowCoordinator.swift; sourceTree = "<group>"; };
		179387B722C6DDA40051FD3B /* ChildFlowCoordinator.swift */ = {isa = PBXFileReference; lastKnownFileType = sourcecode.swift; path = ChildFlowCoordinator.swift; sourceTree = "<group>"; };
		179387BA22C6DEC60051FD3B /* ServiceFactoryProtocol.swift */ = {isa = PBXFileReference; lastKnownFileType = sourcecode.swift; path = ServiceFactoryProtocol.swift; sourceTree = "<group>"; };
		17A3BAE822C73B8000999232 /* Typealiases.swift */ = {isa = PBXFileReference; lastKnownFileType = sourcecode.swift; path = Typealiases.swift; sourceTree = "<group>"; };
		17DF752122F65E4D009712D7 /* CacheProvider.swift */ = {isa = PBXFileReference; lastKnownFileType = sourcecode.swift; path = CacheProvider.swift; sourceTree = "<group>"; };
/* End PBXFileReference section */

/* Begin PBXFrameworksBuildPhase section */
		170E227522BE0D870024B45A /* Frameworks */ = {
			isa = PBXFrameworksBuildPhase;
			buildActionMask = 2147483647;
			files = (
			);
			runOnlyForDeploymentPostprocessing = 0;
		};
/* End PBXFrameworksBuildPhase section */

/* Begin PBXGroup section */
		170B5DF222C7179400B665C0 /* ViewModel */ = {
			isa = PBXGroup;
			children = (
				170B5DF322C717A100B665C0 /* ViewModelling.swift */,
			);
			path = ViewModel;
			sourceTree = "<group>";
		};
		170B5DF522C71AC700B665C0 /* Services */ = {
			isa = PBXGroup;
			children = (
				170B5DF722C71ADD00B665C0 /* DataProvider.swift */,
				1761E35322EEFF5600D95DB6 /* DateFormatProvider.swift */,
				17DF752122F65E4D009712D7 /* CacheProvider.swift */,
			);
			path = Services;
			sourceTree = "<group>";
		};
		170E226E22BE0D860024B45A = {
			isa = PBXGroup;
			children = (
				170E227922BE0D870024B45A /* Products */,
				170E228322BE0DD30024B45A /* Resources */,
				170E227A22BE0D870024B45A /* Source */,
			);
			sourceTree = "<group>";
		};
		170E227922BE0D870024B45A /* Products */ = {
			isa = PBXGroup;
			children = (
				170E227822BE0D870024B45A /* HelperKit.framework */,
			);
			name = Products;
			sourceTree = "<group>";
		};
		170E227A22BE0D870024B45A /* Source */ = {
			isa = PBXGroup;
			children = (
				170E228522BE0DE80024B45A /* Protocols */,
			);
			path = Source;
			sourceTree = "<group>";
		};
		170E228322BE0DD30024B45A /* Resources */ = {
			isa = PBXGroup;
			children = (
				170E227B22BE0D870024B45A /* HelperKit.h */,
				170E227C22BE0D870024B45A /* Info.plist */,
			);
			path = Resources;
			sourceTree = "<group>";
		};
		170E228522BE0DE80024B45A /* Protocols */ = {
			isa = PBXGroup;
			children = (
				174E393D22C6CBB100BEB47A /* Architecture */,
				174E394522C6CD9F00BEB47A /* Factories */,
				170B5DF522C71AC700B665C0 /* Services */,
				17A3BAE722C73B7100999232 /* Typealiases */,
			);
			path = Protocols;
			sourceTree = "<group>";
		};
		174E393D22C6CBB100BEB47A /* Architecture */ = {
			isa = PBXGroup;
			children = (
				170B5DF222C7179400B665C0 /* ViewModel */,
				174E393E22C6CBB800BEB47A /* FlowCoordinator */,
			);
			path = Architecture;
			sourceTree = "<group>";
		};
		174E393E22C6CBB800BEB47A /* FlowCoordinator */ = {
			isa = PBXGroup;
			children = (
				174E393F22C6CBC400BEB47A /* FlowCoordinator.swift */,
				179387B022C6DD5B0051FD3B /* FlowCoordinatorActionable.swift */,
				179387B222C6DD790051FD3B /* FlowCoordinatorActionSource.swift */,
				179387B422C6DD860051FD3B /* SubCoordinators */,
			);
			path = FlowCoordinator;
			sourceTree = "<group>";
		};
		174E394422C6CD9500BEB47A /* ViewControllerFactory */ = {
			isa = PBXGroup;
			children = (
				174E394922C6CE2B00BEB47A /* ViewControllerFactoryProtocol.swift */,
			);
			path = ViewControllerFactory;
			sourceTree = "<group>";
		};
		174E394522C6CD9F00BEB47A /* Factories */ = {
			isa = PBXGroup;
			children = (
				179387B922C6DEB90051FD3B /* ServiceFactory */,
				174E394622C6CDA700BEB47A /* CoordinatorFactory */,
				174E394422C6CD9500BEB47A /* ViewControllerFactory */,
			);
			path = Factories;
			sourceTree = "<group>";
		};
		174E394622C6CDA700BEB47A /* CoordinatorFactory */ = {
			isa = PBXGroup;
			children = (
				174E394722C6CDE100BEB47A /* CoordinatorFactoryProtocol.swift */,
			);
			path = CoordinatorFactory;
			sourceTree = "<group>";
		};
		179387B422C6DD860051FD3B /* SubCoordinators */ = {
			isa = PBXGroup;
			children = (
				179387B522C6DD980051FD3B /* RootFlowCoordinator.swift */,
				179387B722C6DDA40051FD3B /* ChildFlowCoordinator.swift */,
			);
			path = SubCoordinators;
			sourceTree = "<group>";
		};
		179387B922C6DEB90051FD3B /* ServiceFactory */ = {
			isa = PBXGroup;
			children = (
				179387BA22C6DEC60051FD3B /* ServiceFactoryProtocol.swift */,
			);
			path = ServiceFactory;
			sourceTree = "<group>";
		};
		17A3BAE722C73B7100999232 /* Typealiases */ = {
			isa = PBXGroup;
			children = (
				17A3BAE822C73B8000999232 /* Typealiases.swift */,
			);
			path = Typealiases;
			sourceTree = "<group>";
		};
/* End PBXGroup section */

/* Begin PBXHeadersBuildPhase section */
		170E227322BE0D870024B45A /* Headers */ = {
			isa = PBXHeadersBuildPhase;
			buildActionMask = 2147483647;
			files = (
				170E227D22BE0D870024B45A /* HelperKit.h in Headers */,
			);
			runOnlyForDeploymentPostprocessing = 0;
		};
/* End PBXHeadersBuildPhase section */

/* Begin PBXNativeTarget section */
		170E227722BE0D870024B45A /* HelperKit */ = {
			isa = PBXNativeTarget;
			buildConfigurationList = 170E228022BE0D870024B45A /* Build configuration list for PBXNativeTarget "HelperKit" */;
			buildPhases = (
				170E227322BE0D870024B45A /* Headers */,
				170E227422BE0D870024B45A /* Sources */,
				170E227522BE0D870024B45A /* Frameworks */,
				170E227622BE0D870024B45A /* Resources */,
				17AA7D4022E40415002476E4 /* Swiftlint */,
			);
			buildRules = (
			);
			dependencies = (
			);
			name = HelperKit;
			productName = HelperKit;
			productReference = 170E227822BE0D870024B45A /* HelperKit.framework */;
			productType = "com.apple.product-type.framework";
		};
/* End PBXNativeTarget section */

/* Begin PBXProject section */
		170E226F22BE0D860024B45A /* Project object */ = {
			isa = PBXProject;
			attributes = {
				LastUpgradeCheck = 1020;
				ORGANIZATIONNAME = "Matt Croxson";
				TargetAttributes = {
					170E227722BE0D870024B45A = {
						CreatedOnToolsVersion = 10.2.1;
						LastSwiftMigration = 1020;
					};
				};
			};
			buildConfigurationList = 170E227222BE0D860024B45A /* Build configuration list for PBXProject "HelperKit" */;
			compatibilityVersion = "Xcode 9.3";
			developmentRegion = en;
			hasScannedForEncodings = 0;
			knownRegions = (
				en,
				Base,
			);
			mainGroup = 170E226E22BE0D860024B45A;
			productRefGroup = 170E227922BE0D870024B45A /* Products */;
			projectDirPath = "";
			projectRoot = "";
			targets = (
				170E227722BE0D870024B45A /* HelperKit */,
			);
		};
/* End PBXProject section */

/* Begin PBXResourcesBuildPhase section */
		170E227622BE0D870024B45A /* Resources */ = {
			isa = PBXResourcesBuildPhase;
			buildActionMask = 2147483647;
			files = (
			);
			runOnlyForDeploymentPostprocessing = 0;
		};
/* End PBXResourcesBuildPhase section */

/* Begin PBXShellScriptBuildPhase section */
		17AA7D4022E40415002476E4 /* Swiftlint */ = {
			isa = PBXShellScriptBuildPhase;
			buildActionMask = 2147483647;
			files = (
			);
			inputFileListPaths = (
			);
			inputPaths = (
			);
			name = Swiftlint;
			outputFileListPaths = (
			);
			outputPaths = (
			);
			runOnlyForDeploymentPostprocessing = 0;
			shellPath = /bin/sh;
			shellScript = "if which swiftlint >/dev/null; then\n    swiftlint\nelse\n    echo \"warning: SwiftLint not installed, download from https://github.com/realm/SwiftLint\"\nfi\n";
		};
/* End PBXShellScriptBuildPhase section */

/* Begin PBXSourcesBuildPhase section */
		170E227422BE0D870024B45A /* Sources */ = {
			isa = PBXSourcesBuildPhase;
			buildActionMask = 2147483647;
			files = (
				179387B622C6DD980051FD3B /* RootFlowCoordinator.swift in Sources */,
				170B5DF822C71ADD00B665C0 /* DataProvider.swift in Sources */,
				174E394022C6CBC400BEB47A /* FlowCoordinator.swift in Sources */,
				179387B822C6DDA40051FD3B /* ChildFlowCoordinator.swift in Sources */,
				174E394822C6CDE100BEB47A /* CoordinatorFactoryProtocol.swift in Sources */,
				1761E35422EEFF5600D95DB6 /* DateFormatProvider.swift in Sources */,
				170B5DF422C717A100B665C0 /* ViewModelling.swift in Sources */,
				179387B322C6DD790051FD3B /* FlowCoordinatorActionSource.swift in Sources */,
				17A3BAE922C73B8000999232 /* Typealiases.swift in Sources */,
				179387BB22C6DEC60051FD3B /* ServiceFactoryProtocol.swift in Sources */,
				174E394A22C6CE2B00BEB47A /* ViewControllerFactoryProtocol.swift in Sources */,
				17DF752222F65E4D009712D7 /* CacheProvider.swift in Sources */,
				179387B122C6DD5B0051FD3B /* FlowCoordinatorActionable.swift in Sources */,
			);
			runOnlyForDeploymentPostprocessing = 0;
		};
/* End PBXSourcesBuildPhase section */

/* Begin XCBuildConfiguration section */
		170E227E22BE0D870024B45A /* Debug */ = {
			isa = XCBuildConfiguration;
			buildSettings = {
				ALWAYS_SEARCH_USER_PATHS = NO;
				CLANG_ANALYZER_NONNULL = YES;
				CLANG_ANALYZER_NUMBER_OBJECT_CONVERSION = YES_AGGRESSIVE;
				CLANG_CXX_LANGUAGE_STANDARD = "gnu++14";
				CLANG_CXX_LIBRARY = "libc++";
				CLANG_ENABLE_MODULES = YES;
				CLANG_ENABLE_OBJC_ARC = YES;
				CLANG_ENABLE_OBJC_WEAK = YES;
				CLANG_WARN_BLOCK_CAPTURE_AUTORELEASING = YES;
				CLANG_WARN_BOOL_CONVERSION = YES;
				CLANG_WARN_COMMA = YES;
				CLANG_WARN_CONSTANT_CONVERSION = YES;
				CLANG_WARN_DEPRECATED_OBJC_IMPLEMENTATIONS = YES;
				CLANG_WARN_DIRECT_OBJC_ISA_USAGE = YES_ERROR;
				CLANG_WARN_DOCUMENTATION_COMMENTS = YES;
				CLANG_WARN_EMPTY_BODY = YES;
				CLANG_WARN_ENUM_CONVERSION = YES;
				CLANG_WARN_INFINITE_RECURSION = YES;
				CLANG_WARN_INT_CONVERSION = YES;
				CLANG_WARN_NON_LITERAL_NULL_CONVERSION = YES;
				CLANG_WARN_OBJC_IMPLICIT_RETAIN_SELF = YES;
				CLANG_WARN_OBJC_LITERAL_CONVERSION = YES;
				CLANG_WARN_OBJC_ROOT_CLASS = YES_ERROR;
				CLANG_WARN_RANGE_LOOP_ANALYSIS = YES;
				CLANG_WARN_STRICT_PROTOTYPES = YES;
				CLANG_WARN_SUSPICIOUS_MOVE = YES;
				CLANG_WARN_UNGUARDED_AVAILABILITY = YES_AGGRESSIVE;
				CLANG_WARN_UNREACHABLE_CODE = YES;
				CLANG_WARN__DUPLICATE_METHOD_MATCH = YES;
				CODE_SIGN_IDENTITY = "iPhone Developer";
				COPY_PHASE_STRIP = NO;
				CURRENT_PROJECT_VERSION = 1;
				DEBUG_INFORMATION_FORMAT = dwarf;
				ENABLE_STRICT_OBJC_MSGSEND = YES;
				ENABLE_TESTABILITY = YES;
				GCC_C_LANGUAGE_STANDARD = gnu11;
				GCC_DYNAMIC_NO_PIC = NO;
				GCC_NO_COMMON_BLOCKS = YES;
				GCC_OPTIMIZATION_LEVEL = 0;
				GCC_PREPROCESSOR_DEFINITIONS = (
					"DEBUG=1",
					"$(inherited)",
				);
				GCC_WARN_64_TO_32_BIT_CONVERSION = YES;
				GCC_WARN_ABOUT_RETURN_TYPE = YES_ERROR;
				GCC_WARN_UNDECLARED_SELECTOR = YES;
				GCC_WARN_UNINITIALIZED_AUTOS = YES_AGGRESSIVE;
				GCC_WARN_UNUSED_FUNCTION = YES;
				GCC_WARN_UNUSED_VARIABLE = YES;
				IPHONEOS_DEPLOYMENT_TARGET = 12.2;
				MTL_ENABLE_DEBUG_INFO = INCLUDE_SOURCE;
				MTL_FAST_MATH = YES;
				ONLY_ACTIVE_ARCH = YES;
				SDKROOT = iphoneos;
				SWIFT_ACTIVE_COMPILATION_CONDITIONS = DEBUG;
				SWIFT_OPTIMIZATION_LEVEL = "-Onone";
				VERSIONING_SYSTEM = "apple-generic";
				VERSION_INFO_PREFIX = "";
			};
			name = Debug;
		};
		170E227F22BE0D870024B45A /* Release */ = {
			isa = XCBuildConfiguration;
			buildSettings = {
				ALWAYS_SEARCH_USER_PATHS = NO;
				CLANG_ANALYZER_NONNULL = YES;
				CLANG_ANALYZER_NUMBER_OBJECT_CONVERSION = YES_AGGRESSIVE;
				CLANG_CXX_LANGUAGE_STANDARD = "gnu++14";
				CLANG_CXX_LIBRARY = "libc++";
				CLANG_ENABLE_MODULES = YES;
				CLANG_ENABLE_OBJC_ARC = YES;
				CLANG_ENABLE_OBJC_WEAK = YES;
				CLANG_WARN_BLOCK_CAPTURE_AUTORELEASING = YES;
				CLANG_WARN_BOOL_CONVERSION = YES;
				CLANG_WARN_COMMA = YES;
				CLANG_WARN_CONSTANT_CONVERSION = YES;
				CLANG_WARN_DEPRECATED_OBJC_IMPLEMENTATIONS = YES;
				CLANG_WARN_DIRECT_OBJC_ISA_USAGE = YES_ERROR;
				CLANG_WARN_DOCUMENTATION_COMMENTS = YES;
				CLANG_WARN_EMPTY_BODY = YES;
				CLANG_WARN_ENUM_CONVERSION = YES;
				CLANG_WARN_INFINITE_RECURSION = YES;
				CLANG_WARN_INT_CONVERSION = YES;
				CLANG_WARN_NON_LITERAL_NULL_CONVERSION = YES;
				CLANG_WARN_OBJC_IMPLICIT_RETAIN_SELF = YES;
				CLANG_WARN_OBJC_LITERAL_CONVERSION = YES;
				CLANG_WARN_OBJC_ROOT_CLASS = YES_ERROR;
				CLANG_WARN_RANGE_LOOP_ANALYSIS = YES;
				CLANG_WARN_STRICT_PROTOTYPES = YES;
				CLANG_WARN_SUSPICIOUS_MOVE = YES;
				CLANG_WARN_UNGUARDED_AVAILABILITY = YES_AGGRESSIVE;
				CLANG_WARN_UNREACHABLE_CODE = YES;
				CLANG_WARN__DUPLICATE_METHOD_MATCH = YES;
				CODE_SIGN_IDENTITY = "iPhone Developer";
				COPY_PHASE_STRIP = NO;
				CURRENT_PROJECT_VERSION = 1;
				DEBUG_INFORMATION_FORMAT = "dwarf-with-dsym";
				ENABLE_NS_ASSERTIONS = NO;
				ENABLE_STRICT_OBJC_MSGSEND = YES;
				GCC_C_LANGUAGE_STANDARD = gnu11;
				GCC_NO_COMMON_BLOCKS = YES;
				GCC_WARN_64_TO_32_BIT_CONVERSION = YES;
				GCC_WARN_ABOUT_RETURN_TYPE = YES_ERROR;
				GCC_WARN_UNDECLARED_SELECTOR = YES;
				GCC_WARN_UNINITIALIZED_AUTOS = YES_AGGRESSIVE;
				GCC_WARN_UNUSED_FUNCTION = YES;
				GCC_WARN_UNUSED_VARIABLE = YES;
				IPHONEOS_DEPLOYMENT_TARGET = 12.2;
				MTL_ENABLE_DEBUG_INFO = NO;
				MTL_FAST_MATH = YES;
				SDKROOT = iphoneos;
				SWIFT_COMPILATION_MODE = wholemodule;
				SWIFT_OPTIMIZATION_LEVEL = "-O";
				VALIDATE_PRODUCT = YES;
				VERSIONING_SYSTEM = "apple-generic";
				VERSION_INFO_PREFIX = "";
			};
			name = Release;
		};
		170E228122BE0D870024B45A /* Debug */ = {
			isa = XCBuildConfiguration;
			buildSettings = {
				CLANG_ENABLE_MODULES = YES;
				CODE_SIGN_IDENTITY = "";
				CODE_SIGN_STYLE = Automatic;
				DEFINES_MODULE = YES;
				DEVELOPMENT_TEAM = 57T46CP54H;
				DYLIB_COMPATIBILITY_VERSION = 1;
				DYLIB_CURRENT_VERSION = 1;
				DYLIB_INSTALL_NAME_BASE = "@rpath";
				GCC_TREAT_WARNINGS_AS_ERRORS = YES;
				INFOPLIST_FILE = Resources/Info.plist;
				INSTALL_PATH = "$(LOCAL_LIBRARY_DIR)/Frameworks";
				LD_RUNPATH_SEARCH_PATHS = (
					"$(inherited)",
					"@executable_path/Frameworks",
					"@loader_path/Frameworks",
				);
				PRODUCT_BUNDLE_IDENTIFIER = au.id.mattcroxson.HelperKit;
				PRODUCT_NAME = "$(TARGET_NAME:c99extidentifier)";
				SKIP_INSTALL = YES;
				SWIFT_OPTIMIZATION_LEVEL = "-Onone";
				SWIFT_VERSION = 5.0;
				TARGETED_DEVICE_FAMILY = "1,2";
			};
			name = Debug;
		};
		170E228222BE0D870024B45A /* Release */ = {
			isa = XCBuildConfiguration;
			buildSettings = {
				CLANG_ENABLE_MODULES = YES;
				CODE_SIGN_IDENTITY = "";
				CODE_SIGN_STYLE = Automatic;
				DEFINES_MODULE = YES;
				DEVELOPMENT_TEAM = 57T46CP54H;
				DYLIB_COMPATIBILITY_VERSION = 1;
				DYLIB_CURRENT_VERSION = 1;
				DYLIB_INSTALL_NAME_BASE = "@rpath";
				GCC_TREAT_WARNINGS_AS_ERRORS = YES;
				INFOPLIST_FILE = Resources/Info.plist;
				INSTALL_PATH = "$(LOCAL_LIBRARY_DIR)/Frameworks";
				LD_RUNPATH_SEARCH_PATHS = (
					"$(inherited)",
					"@executable_path/Frameworks",
					"@loader_path/Frameworks",
				);
				PRODUCT_BUNDLE_IDENTIFIER = au.id.mattcroxson.HelperKit;
				PRODUCT_NAME = "$(TARGET_NAME:c99extidentifier)";
				SKIP_INSTALL = YES;
				SWIFT_VERSION = 5.0;
				TARGETED_DEVICE_FAMILY = "1,2";
			};
			name = Release;
		};
/* End XCBuildConfiguration section */

/* Begin XCConfigurationList section */
		170E227222BE0D860024B45A /* Build configuration list for PBXProject "HelperKit" */ = {
			isa = XCConfigurationList;
			buildConfigurations = (
				170E227E22BE0D870024B45A /* Debug */,
				170E227F22BE0D870024B45A /* Release */,
			);
			defaultConfigurationIsVisible = 0;
			defaultConfigurationName = Release;
		};
		170E228022BE0D870024B45A /* Build configuration list for PBXNativeTarget "HelperKit" */ = {
			isa = XCConfigurationList;
			buildConfigurations = (
				170E228122BE0D870024B45A /* Debug */,
				170E228222BE0D870024B45A /* Release */,
			);
			defaultConfigurationIsVisible = 0;
			defaultConfigurationName = Release;
		};
/* End XCConfigurationList section */
	};
	rootObject = 170E226F22BE0D860024B45A /* Project object */;
}
